PODS:
  - Masonry (1.0.2)
  - MBProgressHUD (1.0.0)
  - TPKeyboardAvoiding (1.3.1)

DEPENDENCIES:
  - Masonry
  - MBProgressHUD (~> 1.0.0)
  - TPKeyboardAvoiding

SPEC CHECKSUMS:
  Masonry: 7c429b56da9d4ee0bbb3ed77a5ea710d6a5df39e
  MBProgressHUD: 4890f671c94e8a0f3cf959aa731e9de2f036d71a
  TPKeyboardAvoiding: 0d6af20e95e2850f4c621841225b59ec7d8dd852

PODFILE CHECKSUM: 1f92855de1dd0eb0cbb496090d1a1102ee778ea1

COCOAPODS: 1.2.0
